{
  "pins" : [
    {
      "identity" : "swift-sdk",
      "kind" : "remoteSourceControl",
      "location" : "https://github.com/servisbot/swift-sdk",
      "state" : {
        "branch" : "master",
        "revision" : "91c05af9991397d868f4ab290b816277d7bd479c"
      }
    }
  ],
  "version" : 2
}
