{
  "pins" : [
    {
      "identity" : "swift-sdk",
      "kind" : "remoteSourceControl",
      "location" : "https://github.com/servisbot/swift-sdk",
      "state" : {
        "branch" : "master",
        "revision" : "90774fbfdcd8dd978c08cfcf70b94ca8f41ec1cf"
      }
    }
  ],
  "version" : 2
}
