// !$*UTF8*$!
{
	archiveVersion = 1;
	classes = {
	};
	objectVersion = 56;
	objects = {

/* Begin PBXBuildFile section */
		6F2E770A29B256B7002F746B /* AppDelegate.swift in Sources */ = {isa = PBXBuildFile; fileRef = 6F2E770929B256B7002F746B /* AppDelegate.swift */; };
		6F2E770C29B256B7002F746B /* SceneDelegate.swift in Sources */ = {isa = PBXBuildFile; fileRef = 6F2E770B29B256B7002F746B /* SceneDelegate.swift */; };
		6F2E770E29B256B7002F746B /* ViewController.swift in Sources */ = {isa = PBXBuildFile; fileRef = 6F2E770D29B256B7002F746B /* ViewController.swift */; };
		6F2E771129B256B8002F746B /* Main.storyboard in Resources */ = {isa = PBXBuildFile; fileRef = 6F2E770F29B256B8002F746B /* Main.storyboard */; };
		6F2E771329B256BA002F746B /* Assets.xcassets in Resources */ = {isa = PBXBuildFile; fileRef = 6F2E771229B256BA002F746B /* Assets.xcassets */; };
		6F2E771629B256BA002F746B /* LaunchScreen.storyboard in Resources */ = {isa = PBXBuildFile; fileRef = 6F2E771429B256BA002F746B /* LaunchScreen.storyboard */; };
		6F2E771F29B258A2002F746B /* ServisBOTSDK in Frameworks */ = {isa = PBXBuildFile; productRef = 6F2E771E29B258A2002F746B /* ServisBOTSDK */; };
/* End PBXBuildFile section */

/* Begin PBXFileReference section */
		6F2E770629B256B7002F746B /* ServisBOT Swift Examples.app */ = {isa = PBXFileReference; explicitFileType = wrapper.application; includeInIndex = 0; path = "ServisBOT Swift Examples.app"; sourceTree = BUILT_PRODUCTS_DIR; };
		6F2E770929B256B7002F746B /* AppDelegate.swift */ = {isa = PBXFileReference; lastKnownFileType = sourcecode.swift; path = AppDelegate.swift; sourceTree = "<group>"; };
		6F2E770B29B256B7002F746B /* SceneDelegate.swift */ = {isa = PBXFileReference; lastKnownFileType = sourcecode.swift; path = SceneDelegate.swift; sourceTree = "<group>"; };
		6F2E770D29B256B7002F746B /* ViewController.swift */ = {isa = PBXFileReference; lastKnownFileType = sourcecode.swift; path = ViewController.swift; sourceTree = "<group>"; };
		6F2E771029B256B8002F746B /* Base */ = {isa = PBXFileReference; lastKnownFileType = file.storyboard; name = Base; path = Base.lproj/Main.storyboard; sourceTree = "<group>"; };
		6F2E771229B256BA002F746B /* Assets.xcassets */ = {isa = PBXFileReference; lastKnownFileType = folder.assetcatalog; path = Assets.xcassets; sourceTree = "<group>"; };
		6F2E771529B256BA002F746B /* Base */ = {isa = PBXFileReference; lastKnownFileType = file.storyboard; name = Base; path = Base.lproj/LaunchScreen.storyboard; sourceTree = "<group>"; };
		6F2E771729B256BA002F746B /* Info.plist */ = {isa = PBXFileReference; lastKnownFileType = text.plist.xml; path = Info.plist; sourceTree = "<group>"; };
/* End PBXFileReference section */

/* Begin PBXFrameworksBuildPhase section */
		6F2E770329B256B7002F746B /* Frameworks */ = {
			isa = PBXFrameworksBuildPhase;
			buildActionMask = 2147483647;
			files = (
				6F2E771F29B258A2002F746B /* ServisBOTSDK in Frameworks */,
			);
			runOnlyForDeploymentPostprocessing = 0;
		};
/* End PBXFrameworksBuildPhase section */

/* Begin PBXGroup section */
		6F2E76FD29B256B7002F746B = {
			isa = PBXGroup;
			children = (
				6F2E770829B256B7002F746B /* ServisBOT Swift Examples */,
				6F2E770729B256B7002F746B /* Products */,
			);
			sourceTree = "<group>";
		};
		6F2E770729B256B7002F746B /* Products */ = {
			isa = PBXGroup;
			children = (
				6F2E770629B256B7002F746B /* ServisBOT Swift Examples.app */,
			);
			name = Products;
			sourceTree = "<group>";
		};
		6F2E770829B256B7002F746B /* ServisBOT Swift Examples */ = {
			isa = PBXGroup;
			children = (
				6F2E770929B256B7002F746B /* AppDelegate.swift */,
				6F2E770B29B256B7002F746B /* SceneDelegate.swift */,
				6F2E770D29B256B7002F746B /* ViewController.swift */,
				6F2E770F29B256B8002F746B /* Main.storyboard */,
				6F2E771229B256BA002F746B /* Assets.xcassets */,
				6F2E771429B256BA002F746B /* LaunchScreen.storyboard */,
				6F2E771729B256BA002F746B /* Info.plist */,
			);
			path = "ServisBOT Swift Examples";
			sourceTree = "<group>";
		};
/* End PBXGroup section */

/* Begin PBXNativeTarget section */
		6F2E770529B256B7002F746B /* ServisBOT Swift Examples */ = {
			isa = PBXNativeTarget;
			buildConfigurationList = 6F2E771A29B256BA002F746B /* Build configuration list for PBXNativeTarget "ServisBOT Swift Examples" */;
			buildPhases = (
				6F2E770229B256B7002F746B /* Sources */,
				6F2E770329B256B7002F746B /* Frameworks */,
				6F2E770429B256B7002F746B /* Resources */,
			);
			buildRules = (
			);
			dependencies = (
			);
			name = "ServisBOT Swift Examples";
			packageProductDependencies = (
				6F2E771E29B258A2002F746B /* ServisBOTSDK */,
			);
			productName = "ServisBOT Swift Examples";
			productReference = 6F2E770629B256B7002F746B /* ServisBOT Swift Examples.app */;
			productType = "com.apple.product-type.application";
		};
/* End PBXNativeTarget section */

/* Begin PBXProject section */
		6F2E76FE29B256B7002F746B /* Project object */ = {
			isa = PBXProject;
			attributes = {
				BuildIndependentTargetsInParallel = 1;
				LastSwiftUpdateCheck = 1420;
				LastUpgradeCheck = 1420;
				TargetAttributes = {
					6F2E770529B256B7002F746B = {
						CreatedOnToolsVersion = 14.2;
					};
				};
			};
			buildConfigurationList = 6F2E770129B256B7002F746B /* Build configuration list for PBXProject "ServisBOT Swift Examples" */;
			compatibilityVersion = "Xcode 14.0";
			developmentRegion = en;
			hasScannedForEncodings = 0;
			knownRegions = (
				en,
				Base,
			);
			mainGroup = 6F2E76FD29B256B7002F746B;
			packageReferences = (
				6F2E771D29B258A2002F746B /* XCRemoteSwiftPackageReference "swift-sdk" */,
			);
			productRefGroup = 6F2E770729B256B7002F746B /* Products */;
			projectDirPath = "";
			projectRoot = "";
			targets = (
				6F2E770529B256B7002F746B /* ServisBOT Swift Examples */,
			);
		};
/* End PBXProject section */

/* Begin PBXResourcesBuildPhase section */
		6F2E770429B256B7002F746B /* Resources */ = {
			isa = PBXResourcesBuildPhase;
			buildActionMask = 2147483647;
			files = (
				6F2E771629B256BA002F746B /* LaunchScreen.storyboard in Resources */,
				6F2E771329B256BA002F746B /* Assets.xcassets in Resources */,
				6F2E771129B256B8002F746B /* Main.storyboard in Resources */,
			);
			runOnlyForDeploymentPostprocessing = 0;
		};
/* End PBXResourcesBuildPhase section */

/* Begin PBXSourcesBuildPhase section */
		6F2E770229B256B7002F746B /* Sources */ = {
			isa = PBXSourcesBuildPhase;
			buildActionMask = 2147483647;
			files = (
				6F2E770E29B256B7002F746B /* ViewController.swift in Sources */,
				6F2E770A29B256B7002F746B /* AppDelegate.swift in Sources */,
				6F2E770C29B256B7002F746B /* SceneDelegate.swift in Sources */,
			);
			runOnlyForDeploymentPostprocessing = 0;
		};
/* End PBXSourcesBuildPhase section */

/* Begin PBXVariantGroup section */
		6F2E770F29B256B8002F746B /* Main.storyboard */ = {
			isa = PBXVariantGroup;
			children = (
				6F2E771029B256B8002F746B /* Base */,
			);
			name = Main.storyboard;
			sourceTree = "<group>";
		};
		6F2E771429B256BA002F746B /* LaunchScreen.storyboard */ = {
			isa = PBXVariantGroup;
			children = (
				6F2E771529B256BA002F746B /* Base */,
			);
			name = LaunchScreen.storyboard;
			sourceTree = "<group>";
		};
/* End PBXVariantGroup section */

/* Begin XCBuildConfiguration section */
		6F2E771829B256BA002F746B /* Debug */ = {
			isa = XCBuildConfiguration;
			buildSettings = {
				ALWAYS_SEARCH_USER_PATHS = NO;
				CLANG_ANALYZER_NONNULL = YES;
				CLANG_ANALYZER_NUMBER_OBJECT_CONVERSION = YES_AGGRESSIVE;
				CLANG_CXX_LANGUAGE_STANDARD = "gnu++20";
				CLANG_ENABLE_MODULES = YES;
				CLANG_ENABLE_OBJC_ARC = YES;
				CLANG_ENABLE_OBJC_WEAK = YES;
				CLANG_WARN_BLOCK_CAPTURE_AUTORELEASING = YES;
				CLANG_WARN_BOOL_CONVERSION = YES;
				CLANG_WARN_COMMA = YES;
				CLANG_WARN_CONSTANT_CONVERSION = YES;
				CLANG_WARN_DEPRECATED_OBJC_IMPLEMENTATIONS = YES;
				CLANG_WARN_DIRECT_OBJC_ISA_USAGE = YES_ERROR;
				CLANG_WARN_DOCUMENTATION_COMMENTS = YES;
				CLANG_WARN_EMPTY_BODY = YES;
				CLANG_WARN_ENUM_CONVERSION = YES;
				CLANG_WARN_INFINITE_RECURSION = YES;
				CLANG_WARN_INT_CONVERSION = YES;
				CLANG_WARN_NON_LITERAL_NULL_CONVERSION = YES;
				CLANG_WARN_OBJC_IMPLICIT_RETAIN_SELF = YES;
				CLANG_WARN_OBJC_LITERAL_CONVERSION = YES;
				CLANG_WARN_OBJC_ROOT_CLASS = YES_ERROR;
				CLANG_WARN_QUOTED_INCLUDE_IN_FRAMEWORK_HEADER = YES;
				CLANG_WARN_RANGE_LOOP_ANALYSIS = YES;
				CLANG_WARN_STRICT_PROTOTYPES = YES;
				CLANG_WARN_SUSPICIOUS_MOVE = YES;
				CLANG_WARN_UNGUARDED_AVAILABILITY = YES_AGGRESSIVE;
				CLANG_WARN_UNREACHABLE_CODE = YES;
				CLANG_WARN__DUPLICATE_METHOD_MATCH = YES;
				COPY_PHASE_STRIP = NO;
				DEBUG_INFORMATION_FORMAT = dwarf;
				ENABLE_STRICT_OBJC_MSGSEND = YES;
				ENABLE_TESTABILITY = YES;
				GCC_C_LANGUAGE_STANDARD = gnu11;
				GCC_DYNAMIC_NO_PIC = NO;
				GCC_NO_COMMON_BLOCKS = YES;
				GCC_OPTIMIZATION_LEVEL = 0;
				GCC_PREPROCESSOR_DEFINITIONS = (
					"DEBUG=1",
					"$(inherited)",
				);
				GCC_WARN_64_TO_32_BIT_CONVERSION = YES;
				GCC_WARN_ABOUT_RETURN_TYPE = YES_ERROR;
				GCC_WARN_UNDECLARED_SELECTOR = YES;
				GCC_WARN_UNINITIALIZED_AUTOS = YES_AGGRESSIVE;
				GCC_WARN_UNUSED_FUNCTION = YES;
				GCC_WARN_UNUSED_VARIABLE = YES;
				IPHONEOS_DEPLOYMENT_TARGET = 16.2;
				MTL_ENABLE_DEBUG_INFO = INCLUDE_SOURCE;
				MTL_FAST_MATH = YES;
				ONLY_ACTIVE_ARCH = YES;
				SDKROOT = iphoneos;
				SWIFT_ACTIVE_COMPILATION_CONDITIONS = DEBUG;
				SWIFT_OPTIMIZATION_LEVEL = "-Onone";
			};
			name = Debug;
		};
		6F2E771929B256BA002F746B /* Release */ = {
			isa = XCBuildConfiguration;
			buildSettings = {
				ALWAYS_SEARCH_USER_PATHS = NO;
				CLANG_ANALYZER_NONNULL = YES;
				CLANG_ANALYZER_NUMBER_OBJECT_CONVERSION = YES_AGGRESSIVE;
				CLANG_CXX_LANGUAGE_STANDARD = "gnu++20";
				CLANG_ENABLE_MODULES = YES;
				CLANG_ENABLE_OBJC_ARC = YES;
				CLANG_ENABLE_OBJC_WEAK = YES;
				CLANG_WARN_BLOCK_CAPTURE_AUTORELEASING = YES;
				CLANG_WARN_BOOL_CONVERSION = YES;
				CLANG_WARN_COMMA = YES;
				CLANG_WARN_CONSTANT_CONVERSION = YES;
				CLANG_WARN_DEPRECATED_OBJC_IMPLEMENTATIONS = YES;
				CLANG_WARN_DIRECT_OBJC_ISA_USAGE = YES_ERROR;
				CLANG_WARN_DOCUMENTATION_COMMENTS = YES;
				CLANG_WARN_EMPTY_BODY = YES;
				CLANG_WARN_ENUM_CONVERSION = YES;
				CLANG_WARN_INFINITE_RECURSION = YES;
				CLANG_WARN_INT_CONVERSION = YES;
				CLANG_WARN_NON_LITERAL_NULL_CONVERSION = YES;
				CLANG_WARN_OBJC_IMPLICIT_RETAIN_SELF = YES;
				CLANG_WARN_OBJC_LITERAL_CONVERSION = YES;
				CLANG_WARN_OBJC_ROOT_CLASS = YES_ERROR;
				CLANG_WARN_QUOTED_INCLUDE_IN_FRAMEWORK_HEADER = YES;
				CLANG_WARN_RANGE_LOOP_ANALYSIS = YES;
				CLANG_WARN_STRICT_PROTOTYPES = YES;
				CLANG_WARN_SUSPICIOUS_MOVE = YES;
				CLANG_WARN_UNGUARDED_AVAILABILITY = YES_AGGRESSIVE;
				CLANG_WARN_UNREACHABLE_CODE = YES;
				CLANG_WARN__DUPLICATE_METHOD_MATCH = YES;
				COPY_PHASE_STRIP = NO;
				DEBUG_INFORMATION_FORMAT = "dwarf-with-dsym";
				ENABLE_NS_ASSERTIONS = NO;
				ENABLE_STRICT_OBJC_MSGSEND = YES;
				GCC_C_LANGUAGE_STANDARD = gnu11;
				GCC_NO_COMMON_BLOCKS = YES;
				GCC_WARN_64_TO_32_BIT_CONVERSION = YES;
				GCC_WARN_ABOUT_RETURN_TYPE = YES_ERROR;
				GCC_WARN_UNDECLARED_SELECTOR = YES;
				GCC_WARN_UNINITIALIZED_AUTOS = YES_AGGRESSIVE;
				GCC_WARN_UNUSED_FUNCTION = YES;
				GCC_WARN_UNUSED_VARIABLE = YES;
				IPHONEOS_DEPLOYMENT_TARGET = 16.2;
				MTL_ENABLE_DEBUG_INFO = NO;
				MTL_FAST_MATH = YES;
				SDKROOT = iphoneos;
				SWIFT_COMPILATION_MODE = wholemodule;
				SWIFT_OPTIMIZATION_LEVEL = "-O";
				VALIDATE_PRODUCT = YES;
			};
			name = Release;
		};
		6F2E771B29B256BA002F746B /* Debug */ = {
			isa = XCBuildConfiguration;
			buildSettings = {
				ASSETCATALOG_COMPILER_APPICON_NAME = AppIcon;
				ASSETCATALOG_COMPILER_GLOBAL_ACCENT_COLOR_NAME = AccentColor;
				CODE_SIGN_STYLE = Automatic;
				CURRENT_PROJECT_VERSION = 1;
				DEVELOPMENT_TEAM = M7UG86FPM3;
				GENERATE_INFOPLIST_FILE = YES;
				INFOPLIST_FILE = "ServisBOT Swift Examples/Info.plist";
				INFOPLIST_KEY_UIApplicationSupportsIndirectInputEvents = YES;
				INFOPLIST_KEY_UILaunchStoryboardName = LaunchScreen;
				INFOPLIST_KEY_UIMainStoryboardFile = Main;
				INFOPLIST_KEY_UISupportedInterfaceOrientations_iPad = "UIInterfaceOrientationPortrait UIInterfaceOrientationPortraitUpsideDown UIInterfaceOrientationLandscapeLeft UIInterfaceOrientationLandscapeRight";
				INFOPLIST_KEY_UISupportedInterfaceOrientations_iPhone = "UIInterfaceOrientationPortrait UIInterfaceOrientationLandscapeLeft UIInterfaceOrientationLandscapeRight";
				LD_RUNPATH_SEARCH_PATHS = (
					"$(inherited)",
					"@executable_path/Frameworks",
				);
				MARKETING_VERSION = 1.0;
				PRODUCT_BUNDLE_IDENTIFIER = "ServisBOT.ServisBOT-Swift-Examples";
				PRODUCT_NAME = "$(TARGET_NAME)";
				SWIFT_EMIT_LOC_STRINGS = YES;
				SWIFT_VERSION = 5.0;
				TARGETED_DEVICE_FAMILY = "1,2";
			};
			name = Debug;
		};
		6F2E771C29B256BA002F746B /* Release */ = {
			isa = XCBuildConfiguration;
			buildSettings = {
				ASSETCATALOG_COMPILER_APPICON_NAME = AppIcon;
				ASSETCATALOG_COMPILER_GLOBAL_ACCENT_COLOR_NAME = AccentColor;
				CODE_SIGN_STYLE = Automatic;
				CURRENT_PROJECT_VERSION = 1;
				DEVELOPMENT_TEAM = M7UG86FPM3;
				GENERATE_INFOPLIST_FILE = YES;
				INFOPLIST_FILE = "ServisBOT Swift Examples/Info.plist";
				INFOPLIST_KEY_UIApplicationSupportsIndirectInputEvents = YES;
				INFOPLIST_KEY_UILaunchStoryboardName = LaunchScreen;
				INFOPLIST_KEY_UIMainStoryboardFile = Main;
				INFOPLIST_KEY_UISupportedInterfaceOrientations_iPad = "UIInterfaceOrientationPortrait UIInterfaceOrientationPortraitUpsideDown UIInterfaceOrientationLandscapeLeft UIInterfaceOrientationLandscapeRight";
				INFOPLIST_KEY_UISupportedInterfaceOrientations_iPhone = "UIInterfaceOrientationPortrait UIInterfaceOrientationLandscapeLeft UIInterfaceOrientationLandscapeRight";
				LD_RUNPATH_SEARCH_PATHS = (
					"$(inherited)",
					"@executable_path/Frameworks",
				);
				MARKETING_VERSION = 1.0;
				PRODUCT_BUNDLE_IDENTIFIER = "ServisBOT.ServisBOT-Swift-Examples";
				PRODUCT_NAME = "$(TARGET_NAME)";
				SWIFT_EMIT_LOC_STRINGS = YES;
				SWIFT_VERSION = 5.0;
				TARGETED_DEVICE_FAMILY = "1,2";
			};
			name = Release;
		};
/* End XCBuildConfiguration section */

/* Begin XCConfigurationList section */
		6F2E770129B256B7002F746B /* Build configuration list for PBXProject "ServisBOT Swift Examples" */ = {
			isa = XCConfigurationList;
			buildConfigurations = (
				6F2E771829B256BA002F746B /* Debug */,
				6F2E771929B256BA002F746B /* Release */,
			);
			defaultConfigurationIsVisible = 0;
			defaultConfigurationName = Release;
		};
		6F2E771A29B256BA002F746B /* Build configuration list for PBXNativeTarget "ServisBOT Swift Examples" */ = {
			isa = XCConfigurationList;
			buildConfigurations = (
				6F2E771B29B256BA002F746B /* Debug */,
				6F2E771C29B256BA002F746B /* Release */,
			);
			defaultConfigurationIsVisible = 0;
			defaultConfigurationName = Release;
		};
/* End XCConfigurationList section */

/* Begin XCRemoteSwiftPackageReference section */
		6F2E771D29B258A2002F746B /* XCRemoteSwiftPackageReference "swift-sdk" */ = {
			isa = XCRemoteSwiftPackageReference;
			repositoryURL = "https://github.com/servisbot/swift-sdk";
			requirement = {
				branch = master;
				kind = branch;
			};
		};
/* End XCRemoteSwiftPackageReference section */

/* Begin XCSwiftPackageProductDependency section */
		6F2E771E29B258A2002F746B /* ServisBOTSDK */ = {
			isa = XCSwiftPackageProductDependency;
			package = 6F2E771D29B258A2002F746B /* XCRemoteSwiftPackageReference "swift-sdk" */;
			productName = ServisBOTSDK;
		};
/* End XCSwiftPackageProductDependency section */
	};
	rootObject = 6F2E76FE29B256B7002F746B /* Project object */;
}
